<?xml version="1.0" encoding="utf-8"?>
<Project ToolsVersion="4.0" xmlns="http://schemas.microsoft.com/developer/msbuild/2003">
  <ItemGroup>
    <Filter Include="생성 파일">
      <UniqueIdentifier>{a4a99fd8-6aca-4a61-9efa-8a715f003d80}</UniqueIdentifier>
      <SourceControlFiles>False</SourceControlFiles>
    </Filter>
    <Filter Include="소스 파일">
      <UniqueIdentifier>{4FC737F1-C7A5-4376-A066-2A32D752A2FF}</UniqueIdentifier>
      <Extensions>cpp;c;cc;cxx;c++;cppm;ixx;def;odl;idl;hpj;bat;asm;asmx</Extensions>
    </Filter>
    <Filter Include="헤더 파일">
      <UniqueIdentifier>{93995380-89BD-4b04-88EB-625FBE52EBFB}</UniqueIdentifier>
      <Extensions>h;hh;hpp;hxx;h++;hm;inl;inc;ipp;xsd</Extensions>
    </Filter>
    <Filter Include="리소스 파일">
      <UniqueIdentifier>{67DA6AB6-F800-4c08-8B7A-83BB121AAD01}</UniqueIdentifier>
      <Extensions>rc;ico;cur;bmp;dlg;rc2;rct;bin;rgs;gif;jpg;jpeg;jpe;resx;tiff;tif;png;wav;mfcribbon-ms</Extensions>
    </Filter>
  </ItemGroup>
  <ItemGroup>
    <None Include="..\IWebAssemblyCOM\IWebAssemblyCOMps.def">
      <Filter>소스 파일</Filter>
    </None>
  </ItemGroup>
  <ItemGroup>
    <ClCompile Include="..\IWebAssemblyCOM\IWebAssemblyCOM_i.c">
      <Filter>생성 파일</Filter>
    </ClCompile>
    <ClCompile Include="..\IWebAssemblyCOM\IWebAssemblyCOM_p.c">
      <Filter>생성 파일</Filter>
    </ClCompile>
    <ClCompile Include="..\IWebAssemblyCOM\dlldata.c">
      <Filter>생성 파일</Filter>
    </ClCompile>
    <ClCompile Include="WasmObject.cpp">
      <Filter>소스 파일</Filter>
    </ClCompile>
    <ClCompile Include="..\..\..\..\Documents\GitHub\wasm-micro-runtime\core\shared\utils\uncommon\bh_read_file.c">
      <Filter>헤더 파일</Filter>
    </ClCompile>
    <ClCompile Include="..\..\..\..\Documents\GitHub\wasm-micro-runtime\core\shared\utils\uncommon\bh_getopt.c">
      <Filter>헤더 파일</Filter>
    </ClCompile>
  </ItemGroup>
  <ItemGroup>
    <ClInclude Include="WasmObject.h">
      <Filter>헤더 파일</Filter>
    </ClInclude>
    <ClInclude Include="..\..\..\..\Documents\GitHub\wasm-micro-runtime\core\shared\utils\uncommon\bh_getopt.h">
      <Filter>헤더 파일</Filter>
    </ClInclude>
    <ClInclude Include="..\..\..\..\Documents\GitHub\wasm-micro-runtime\core\shared\utils\uncommon\bh_read_file.h">
      <Filter>헤더 파일</Filter>
    </ClInclude>
    <ClInclude Include="..\..\..\..\Documents\GitHub\wasm-micro-runtime\core\iwasm\include\lib_export.h">
      <Filter>헤더 파일</Filter>
    </ClInclude>
    <ClInclude Include="..\..\..\..\Documents\GitHub\wasm-micro-runtime\core\iwasm\include\wasm_c_api.h">
      <Filter>헤더 파일</Filter>
    </ClInclude>
    <ClInclude Include="..\..\..\..\Documents\GitHub\wasm-micro-runtime\core\iwasm\include\wasm_export.h">
      <Filter>헤더 파일</Filter>
    </ClInclude>
    <ClInclude Include="..\..\..\..\Documents\GitHub\wasm-micro-runtime\core\iwasm\include\aot_export.h">
      <Filter>헤더 파일</Filter>
    </ClInclude>
    <ClInclude Include="..\IWebAssemblyCOM\IWebAssemblyCOM.h">
      <Filter>헤더 파일</Filter>
    </ClInclude>
  </ItemGroup>
</Project>